// !$*UTF8*$!
{
	archiveVersion = 1;
	classes = {
	};
	objectVersion = 55;
	objects = {

/* Begin PBXBuildFile section */
		D0623D122770265D004D29B8 /* AppDelegate.swift in Sources */ = {isa = PBXBuildFile; fileRef = D0623D112770265D004D29B8 /* AppDelegate.swift */; };
		D0623D142770265D004D29B8 /* SceneDelegate.swift in Sources */ = {isa = PBXBuildFile; fileRef = D0623D132770265D004D29B8 /* SceneDelegate.swift */; };
		D0623D192770265D004D29B8 /* Main.storyboard in Resources */ = {isa = PBXBuildFile; fileRef = D0623D172770265D004D29B8 /* Main.storyboard */; };
		D0623D1B27702666004D29B8 /* Assets.xcassets in Resources */ = {isa = PBXBuildFile; fileRef = D0623D1A27702666004D29B8 /* Assets.xcassets */; };
		D0623D1E27702666004D29B8 /* LaunchScreen.storyboard in Resources */ = {isa = PBXBuildFile; fileRef = D0623D1C27702666004D29B8 /* LaunchScreen.storyboard */; };
		D0623D29277026D2004D29B8 /* PokemonListViewController.swift in Sources */ = {isa = PBXBuildFile; fileRef = D0623D28277026D2004D29B8 /* PokemonListViewController.swift */; };
		D0623D2C27702808004D29B8 /* PokemonListDataSource.swift in Sources */ = {isa = PBXBuildFile; fileRef = D0623D2B27702808004D29B8 /* PokemonListDataSource.swift */; };
		D0623D2E27703ABF004D29B8 /* PokemonDatabase.swift in Sources */ = {isa = PBXBuildFile; fileRef = D0623D2D27703ABF004D29B8 /* PokemonDatabase.swift */; };
		D0623D3127703CED004D29B8 /* Pokemon.swift in Sources */ = {isa = PBXBuildFile; fileRef = D0623D3027703CED004D29B8 /* Pokemon.swift */; };
		D0623D3327704113004D29B8 /* PokemonDetailViewController.swift in Sources */ = {isa = PBXBuildFile; fileRef = D0623D3227704112004D29B8 /* PokemonDetailViewController.swift */; };
		D0623D3527704A94004D29B8 /* PokemonListCell.swift in Sources */ = {isa = PBXBuildFile; fileRef = D0623D3427704A94004D29B8 /* PokemonListCell.swift */; };
		D0623D3727705C97004D29B8 /* pokemon.db in Resources */ = {isa = PBXBuildFile; fileRef = D0623D3627705C97004D29B8 /* pokemon.db */; };
		D0623D39277F79A7004D29B8 /* Move.swift in Sources */ = {isa = PBXBuildFile; fileRef = D0623D38277F79A7004D29B8 /* Move.swift */; };
		D0623D3B277F8D68004D29B8 /* PokemonDetailHeader.swift in Sources */ = {isa = PBXBuildFile; fileRef = D0623D3A277F8D68004D29B8 /* PokemonDetailHeader.swift */; };
		D0623D3D277FA0A7004D29B8 /* PokemonType.swift in Sources */ = {isa = PBXBuildFile; fileRef = D0623D3C277FA0A7004D29B8 /* PokemonType.swift */; };
/* End PBXBuildFile section */

/* Begin PBXFileReference section */
		D0623D0E2770265D004D29B8 /* Pokedex.app */ = {isa = PBXFileReference; explicitFileType = wrapper.application; includeInIndex = 0; path = Pokedex.app; sourceTree = BUILT_PRODUCTS_DIR; };
		D0623D112770265D004D29B8 /* AppDelegate.swift */ = {isa = PBXFileReference; lastKnownFileType = sourcecode.swift; path = AppDelegate.swift; sourceTree = "<group>"; };
		D0623D132770265D004D29B8 /* SceneDelegate.swift */ = {isa = PBXFileReference; lastKnownFileType = sourcecode.swift; path = SceneDelegate.swift; sourceTree = "<group>"; };
		D0623D182770265D004D29B8 /* Base */ = {isa = PBXFileReference; lastKnownFileType = file.storyboard; name = Base; path = Base.lproj/Main.storyboard; sourceTree = "<group>"; };
		D0623D1A27702666004D29B8 /* Assets.xcassets */ = {isa = PBXFileReference; lastKnownFileType = folder.assetcatalog; path = Assets.xcassets; sourceTree = "<group>"; };
		D0623D1D27702666004D29B8 /* Base */ = {isa = PBXFileReference; lastKnownFileType = file.storyboard; name = Base; path = Base.lproj/LaunchScreen.storyboard; sourceTree = "<group>"; };
		D0623D1F27702666004D29B8 /* Info.plist */ = {isa = PBXFileReference; lastKnownFileType = text.plist.xml; path = Info.plist; sourceTree = "<group>"; };
		D0623D28277026D2004D29B8 /* PokemonListViewController.swift */ = {isa = PBXFileReference; lastKnownFileType = sourcecode.swift; path = PokemonListViewController.swift; sourceTree = "<group>"; };
		D0623D2B27702808004D29B8 /* PokemonListDataSource.swift */ = {isa = PBXFileReference; lastKnownFileType = sourcecode.swift; path = PokemonListDataSource.swift; sourceTree = "<group>"; };
		D0623D2D27703ABF004D29B8 /* PokemonDatabase.swift */ = {isa = PBXFileReference; lastKnownFileType = sourcecode.swift; path = PokemonDatabase.swift; sourceTree = "<group>"; };
		D0623D3027703CED004D29B8 /* Pokemon.swift */ = {isa = PBXFileReference; lastKnownFileType = sourcecode.swift; path = Pokemon.swift; sourceTree = "<group>"; };
		D0623D3227704112004D29B8 /* PokemonDetailViewController.swift */ = {isa = PBXFileReference; lastKnownFileType = sourcecode.swift; path = PokemonDetailViewController.swift; sourceTree = "<group>"; };
		D0623D3427704A94004D29B8 /* PokemonListCell.swift */ = {isa = PBXFileReference; lastKnownFileType = sourcecode.swift; path = PokemonListCell.swift; sourceTree = "<group>"; };
		D0623D3627705C97004D29B8 /* pokemon.db */ = {isa = PBXFileReference; lastKnownFileType = file; path = pokemon.db; sourceTree = "<group>"; };
		D0623D38277F79A7004D29B8 /* Move.swift */ = {isa = PBXFileReference; lastKnownFileType = sourcecode.swift; path = Move.swift; sourceTree = "<group>"; };
		D0623D3A277F8D68004D29B8 /* PokemonDetailHeader.swift */ = {isa = PBXFileReference; lastKnownFileType = sourcecode.swift; path = PokemonDetailHeader.swift; sourceTree = "<group>"; };
		D0623D3C277FA0A7004D29B8 /* PokemonType.swift */ = {isa = PBXFileReference; lastKnownFileType = sourcecode.swift; path = PokemonType.swift; sourceTree = "<group>"; };
/* End PBXFileReference section */

/* Begin PBXFrameworksBuildPhase section */
		D0623D0B2770265D004D29B8 /* Frameworks */ = {
			isa = PBXFrameworksBuildPhase;
			buildActionMask = 2147483647;
			files = (
			);
			runOnlyForDeploymentPostprocessing = 0;
		};
/* End PBXFrameworksBuildPhase section */

/* Begin PBXGroup section */
		D0623D052770265D004D29B8 = {
			isa = PBXGroup;
			children = (
				D0623D102770265D004D29B8 /* Pokedex */,
				D0623D0F2770265D004D29B8 /* Products */,
			);
			sourceTree = "<group>";
		};
		D0623D0F2770265D004D29B8 /* Products */ = {
			isa = PBXGroup;
			children = (
				D0623D0E2770265D004D29B8 /* Pokedex.app */,
			);
			name = Products;
			sourceTree = "<group>";
		};
		D0623D102770265D004D29B8 /* Pokedex */ = {
			isa = PBXGroup;
			children = (
				D0623D3627705C97004D29B8 /* pokemon.db */,
				D0623D252770269A004D29B8 /* Model */,
				D0623D26277026A3004D29B8 /* View */,
				D0623D27277026AA004D29B8 /* Controller */,
				D0623D112770265D004D29B8 /* AppDelegate.swift */,
				D0623D132770265D004D29B8 /* SceneDelegate.swift */,
				D0623D172770265D004D29B8 /* Main.storyboard */,
				D0623D1A27702666004D29B8 /* Assets.xcassets */,
				D0623D1C27702666004D29B8 /* LaunchScreen.storyboard */,
				D0623D1F27702666004D29B8 /* Info.plist */,
			);
			path = Pokedex;
			sourceTree = "<group>";
		};
		D0623D252770269A004D29B8 /* Model */ = {
			isa = PBXGroup;
			children = (
				D0623D2F27703CD7004D29B8 /* Table */,
				D0623D2D27703ABF004D29B8 /* PokemonDatabase.swift */,
			);
			name = Model;
			sourceTree = "<group>";
		};
		D0623D26277026A3004D29B8 /* View */ = {
			isa = PBXGroup;
			children = (
				D0623D3427704A94004D29B8 /* PokemonListCell.swift */,
				D0623D3A277F8D68004D29B8 /* PokemonDetailHeader.swift */,
			);
			name = View;
			sourceTree = "<group>";
		};
		D0623D27277026AA004D29B8 /* Controller */ = {
			isa = PBXGroup;
			children = (
				D0623D2A277027F4004D29B8 /* Data Sources */,
				D0623D28277026D2004D29B8 /* PokemonListViewController.swift */,
				D0623D3227704112004D29B8 /* PokemonDetailViewController.swift */,
			);
			name = Controller;
			sourceTree = "<group>";
		};
		D0623D2A277027F4004D29B8 /* Data Sources */ = {
			isa = PBXGroup;
			children = (
				D0623D2B27702808004D29B8 /* PokemonListDataSource.swift */,
			);
			name = "Data Sources";
			sourceTree = "<group>";
		};
		D0623D2F27703CD7004D29B8 /* Table */ = {
			isa = PBXGroup;
			children = (
				D0623D3027703CED004D29B8 /* Pokemon.swift */,
				D0623D3C277FA0A7004D29B8 /* PokemonType.swift */,
				D0623D38277F79A7004D29B8 /* Move.swift */,
			);
			name = Table;
			sourceTree = "<group>";
		};
/* End PBXGroup section */

/* Begin PBXNativeTarget section */
		D0623D0D2770265D004D29B8 /* Pokedex */ = {
			isa = PBXNativeTarget;
			buildConfigurationList = D0623D2227702666004D29B8 /* Build configuration list for PBXNativeTarget "Pokedex" */;
			buildPhases = (
				D0623D0A2770265D004D29B8 /* Sources */,
				D0623D0B2770265D004D29B8 /* Frameworks */,
				D0623D0C2770265D004D29B8 /* Resources */,
			);
			buildRules = (
			);
			dependencies = (
			);
			name = Pokedex;
			productName = Pokedex;
			productReference = D0623D0E2770265D004D29B8 /* Pokedex.app */;
			productType = "com.apple.product-type.application";
		};
/* End PBXNativeTarget section */

/* Begin PBXProject section */
		D0623D062770265D004D29B8 /* Project object */ = {
			isa = PBXProject;
			attributes = {
				BuildIndependentTargetsInParallel = 1;
				LastSwiftUpdateCheck = 1320;
				LastUpgradeCheck = 1320;
				TargetAttributes = {
					D0623D0D2770265D004D29B8 = {
						CreatedOnToolsVersion = 13.2;
					};
				};
			};
			buildConfigurationList = D0623D092770265D004D29B8 /* Build configuration list for PBXProject "Pokedex" */;
			compatibilityVersion = "Xcode 13.0";
			developmentRegion = en;
			hasScannedForEncodings = 0;
			knownRegions = (
				en,
				Base,
			);
			mainGroup = D0623D052770265D004D29B8;
			productRefGroup = D0623D0F2770265D004D29B8 /* Products */;
			projectDirPath = "";
			projectRoot = "";
			targets = (
				D0623D0D2770265D004D29B8 /* Pokedex */,
			);
		};
/* End PBXProject section */

/* Begin PBXResourcesBuildPhase section */
		D0623D0C2770265D004D29B8 /* Resources */ = {
			isa = PBXResourcesBuildPhase;
			buildActionMask = 2147483647;
			files = (
				D0623D1E27702666004D29B8 /* LaunchScreen.storyboard in Resources */,
				D0623D1B27702666004D29B8 /* Assets.xcassets in Resources */,
				D0623D192770265D004D29B8 /* Main.storyboard in Resources */,
				D0623D3727705C97004D29B8 /* pokemon.db in Resources */,
			);
			runOnlyForDeploymentPostprocessing = 0;
		};
/* End PBXResourcesBuildPhase section */

/* Begin PBXSourcesBuildPhase section */
		D0623D0A2770265D004D29B8 /* Sources */ = {
			isa = PBXSourcesBuildPhase;
			buildActionMask = 2147483647;
			files = (
				D0623D3127703CED004D29B8 /* Pokemon.swift in Sources */,
				D0623D39277F79A7004D29B8 /* Move.swift in Sources */,
				D0623D122770265D004D29B8 /* AppDelegate.swift in Sources */,
				D0623D2C27702808004D29B8 /* PokemonListDataSource.swift in Sources */,
				D0623D3527704A94004D29B8 /* PokemonListCell.swift in Sources */,
				D0623D29277026D2004D29B8 /* PokemonListViewController.swift in Sources */,
				D0623D3327704113004D29B8 /* PokemonDetailViewController.swift in Sources */,
				D0623D3B277F8D68004D29B8 /* PokemonDetailHeader.swift in Sources */,
				D0623D2E27703ABF004D29B8 /* PokemonDatabase.swift in Sources */,
				D0623D3D277FA0A7004D29B8 /* PokemonType.swift in Sources */,
				D0623D142770265D004D29B8 /* SceneDelegate.swift in Sources */,
			);
			runOnlyForDeploymentPostprocessing = 0;
		};
/* End PBXSourcesBuildPhase section */

/* Begin PBXVariantGroup section */
		D0623D172770265D004D29B8 /* Main.storyboard */ = {
			isa = PBXVariantGroup;
			children = (
				D0623D182770265D004D29B8 /* Base */,
			);
			name = Main.storyboard;
			sourceTree = "<group>";
		};
		D0623D1C27702666004D29B8 /* LaunchScreen.storyboard */ = {
			isa = PBXVariantGroup;
			children = (
				D0623D1D27702666004D29B8 /* Base */,
			);
			name = LaunchScreen.storyboard;
			sourceTree = "<group>";
		};
/* End PBXVariantGroup section */

/* Begin XCBuildConfiguration section */
		D0623D2027702666004D29B8 /* Debug */ = {
			isa = XCBuildConfiguration;
			buildSettings = {
				ALWAYS_SEARCH_USER_PATHS = NO;
				CLANG_ANALYZER_NONNULL = YES;
				CLANG_ANALYZER_NUMBER_OBJECT_CONVERSION = YES_AGGRESSIVE;
				CLANG_CXX_LANGUAGE_STANDARD = "gnu++17";
				CLANG_CXX_LIBRARY = "libc++";
				CLANG_ENABLE_MODULES = YES;
				CLANG_ENABLE_OBJC_ARC = YES;
				CLANG_ENABLE_OBJC_WEAK = YES;
				CLANG_WARN_BLOCK_CAPTURE_AUTORELEASING = YES;
				CLANG_WARN_BOOL_CONVERSION = YES;
				CLANG_WARN_COMMA = YES;
				CLANG_WARN_CONSTANT_CONVERSION = YES;
				CLANG_WARN_DEPRECATED_OBJC_IMPLEMENTATIONS = YES;
				CLANG_WARN_DIRECT_OBJC_ISA_USAGE = YES_ERROR;
				CLANG_WARN_DOCUMENTATION_COMMENTS = YES;
				CLANG_WARN_EMPTY_BODY = YES;
				CLANG_WARN_ENUM_CONVERSION = YES;
				CLANG_WARN_INFINITE_RECURSION = YES;
				CLANG_WARN_INT_CONVERSION = YES;
				CLANG_WARN_NON_LITERAL_NULL_CONVERSION = YES;
				CLANG_WARN_OBJC_IMPLICIT_RETAIN_SELF = YES;
				CLANG_WARN_OBJC_LITERAL_CONVERSION = YES;
				CLANG_WARN_OBJC_ROOT_CLASS = YES_ERROR;
				CLANG_WARN_QUOTED_INCLUDE_IN_FRAMEWORK_HEADER = YES;
				CLANG_WARN_RANGE_LOOP_ANALYSIS = YES;
				CLANG_WARN_STRICT_PROTOTYPES = YES;
				CLANG_WARN_SUSPICIOUS_MOVE = YES;
				CLANG_WARN_UNGUARDED_AVAILABILITY = YES_AGGRESSIVE;
				CLANG_WARN_UNREACHABLE_CODE = YES;
				CLANG_WARN__DUPLICATE_METHOD_MATCH = YES;
				COPY_PHASE_STRIP = NO;
				DEBUG_INFORMATION_FORMAT = dwarf;
				ENABLE_STRICT_OBJC_MSGSEND = YES;
				ENABLE_TESTABILITY = YES;
				GCC_C_LANGUAGE_STANDARD = gnu11;
				GCC_DYNAMIC_NO_PIC = NO;
				GCC_NO_COMMON_BLOCKS = YES;
				GCC_OPTIMIZATION_LEVEL = 0;
				GCC_PREPROCESSOR_DEFINITIONS = (
					"DEBUG=1",
					"$(inherited)",
				);
				GCC_WARN_64_TO_32_BIT_CONVERSION = YES;
				GCC_WARN_ABOUT_RETURN_TYPE = YES_ERROR;
				GCC_WARN_UNDECLARED_SELECTOR = YES;
				GCC_WARN_UNINITIALIZED_AUTOS = YES_AGGRESSIVE;
				GCC_WARN_UNUSED_FUNCTION = YES;
				GCC_WARN_UNUSED_VARIABLE = YES;
				IPHONEOS_DEPLOYMENT_TARGET = 15.2;
				MTL_ENABLE_DEBUG_INFO = INCLUDE_SOURCE;
				MTL_FAST_MATH = YES;
				ONLY_ACTIVE_ARCH = YES;
				SDKROOT = iphoneos;
				SWIFT_ACTIVE_COMPILATION_CONDITIONS = DEBUG;
				SWIFT_OPTIMIZATION_LEVEL = "-Onone";
			};
			name = Debug;
		};
		D0623D2127702666004D29B8 /* Release */ = {
			isa = XCBuildConfiguration;
			buildSettings = {
				ALWAYS_SEARCH_USER_PATHS = NO;
				CLANG_ANALYZER_NONNULL = YES;
				CLANG_ANALYZER_NUMBER_OBJECT_CONVERSION = YES_AGGRESSIVE;
				CLANG_CXX_LANGUAGE_STANDARD = "gnu++17";
				CLANG_CXX_LIBRARY = "libc++";
				CLANG_ENABLE_MODULES = YES;
				CLANG_ENABLE_OBJC_ARC = YES;
				CLANG_ENABLE_OBJC_WEAK = YES;
				CLANG_WARN_BLOCK_CAPTURE_AUTORELEASING = YES;
				CLANG_WARN_BOOL_CONVERSION = YES;
				CLANG_WARN_COMMA = YES;
				CLANG_WARN_CONSTANT_CONVERSION = YES;
				CLANG_WARN_DEPRECATED_OBJC_IMPLEMENTATIONS = YES;
				CLANG_WARN_DIRECT_OBJC_ISA_USAGE = YES_ERROR;
				CLANG_WARN_DOCUMENTATION_COMMENTS = YES;
				CLANG_WARN_EMPTY_BODY = YES;
				CLANG_WARN_ENUM_CONVERSION = YES;
				CLANG_WARN_INFINITE_RECURSION = YES;
				CLANG_WARN_INT_CONVERSION = YES;
				CLANG_WARN_NON_LITERAL_NULL_CONVERSION = YES;
				CLANG_WARN_OBJC_IMPLICIT_RETAIN_SELF = YES;
				CLANG_WARN_OBJC_LITERAL_CONVERSION = YES;
				CLANG_WARN_OBJC_ROOT_CLASS = YES_ERROR;
				CLANG_WARN_QUOTED_INCLUDE_IN_FRAMEWORK_HEADER = YES;
				CLANG_WARN_RANGE_LOOP_ANALYSIS = YES;
				CLANG_WARN_STRICT_PROTOTYPES = YES;
				CLANG_WARN_SUSPICIOUS_MOVE = YES;
				CLANG_WARN_UNGUARDED_AVAILABILITY = YES_AGGRESSIVE;
				CLANG_WARN_UNREACHABLE_CODE = YES;
				CLANG_WARN__DUPLICATE_METHOD_MATCH = YES;
				COPY_PHASE_STRIP = NO;
				DEBUG_INFORMATION_FORMAT = "dwarf-with-dsym";
				ENABLE_NS_ASSERTIONS = NO;
				ENABLE_STRICT_OBJC_MSGSEND = YES;
				GCC_C_LANGUAGE_STANDARD = gnu11;
				GCC_NO_COMMON_BLOCKS = YES;
				GCC_WARN_64_TO_32_BIT_CONVERSION = YES;
				GCC_WARN_ABOUT_RETURN_TYPE = YES_ERROR;
				GCC_WARN_UNDECLARED_SELECTOR = YES;
				GCC_WARN_UNINITIALIZED_AUTOS = YES_AGGRESSIVE;
				GCC_WARN_UNUSED_FUNCTION = YES;
				GCC_WARN_UNUSED_VARIABLE = YES;
				IPHONEOS_DEPLOYMENT_TARGET = 15.2;
				MTL_ENABLE_DEBUG_INFO = NO;
				MTL_FAST_MATH = YES;
				SDKROOT = iphoneos;
				SWIFT_COMPILATION_MODE = wholemodule;
				SWIFT_OPTIMIZATION_LEVEL = "-O";
				VALIDATE_PRODUCT = YES;
			};
			name = Release;
		};
		D0623D2327702666004D29B8 /* Debug */ = {
			isa = XCBuildConfiguration;
			buildSettings = {
				ASSETCATALOG_COMPILER_APPICON_NAME = AppIcon;
				ASSETCATALOG_COMPILER_GLOBAL_ACCENT_COLOR_NAME = AccentColor;
				CODE_SIGN_STYLE = Automatic;
				CURRENT_PROJECT_VERSION = 1;
				DEVELOPMENT_TEAM = 6Y69L5C6ML;
				GENERATE_INFOPLIST_FILE = YES;
				INFOPLIST_FILE = Pokedex/Info.plist;
				INFOPLIST_KEY_UIApplicationSupportsIndirectInputEvents = YES;
				INFOPLIST_KEY_UILaunchStoryboardName = LaunchScreen;
				INFOPLIST_KEY_UIMainStoryboardFile = Main;
				INFOPLIST_KEY_UISupportedInterfaceOrientations_iPad = "UIInterfaceOrientationPortrait UIInterfaceOrientationPortraitUpsideDown UIInterfaceOrientationLandscapeLeft UIInterfaceOrientationLandscapeRight";
				INFOPLIST_KEY_UISupportedInterfaceOrientations_iPhone = "UIInterfaceOrientationPortrait UIInterfaceOrientationLandscapeLeft UIInterfaceOrientationLandscapeRight";
				IPHONEOS_DEPLOYMENT_TARGET = 15.1;
				LD_RUNPATH_SEARCH_PATHS = (
					"$(inherited)",
					"@executable_path/Frameworks",
				);
				MARKETING_VERSION = 1.0;
				PRODUCT_BUNDLE_IDENTIFIER = ljustint.Pokedex;
				PRODUCT_NAME = "$(TARGET_NAME)";
				SWIFT_EMIT_LOC_STRINGS = YES;
				SWIFT_VERSION = 4.0;
				TARGETED_DEVICE_FAMILY = "1,2";
			};
			name = Debug;
		};
		D0623D2427702666004D29B8 /* Release */ = {
			isa = XCBuildConfiguration;
			buildSettings = {
				ASSETCATALOG_COMPILER_APPICON_NAME = AppIcon;
				ASSETCATALOG_COMPILER_GLOBAL_ACCENT_COLOR_NAME = AccentColor;
				CODE_SIGN_STYLE = Automatic;
				CURRENT_PROJECT_VERSION = 1;
				DEVELOPMENT_TEAM = 6Y69L5C6ML;
				GENERATE_INFOPLIST_FILE = YES;
				INFOPLIST_FILE = Pokedex/Info.plist;
				INFOPLIST_KEY_UIApplicationSupportsIndirectInputEvents = YES;
				INFOPLIST_KEY_UILaunchStoryboardName = LaunchScreen;
				INFOPLIST_KEY_UIMainStoryboardFile = Main;
				INFOPLIST_KEY_UISupportedInterfaceOrientations_iPad = "UIInterfaceOrientationPortrait UIInterfaceOrientationPortraitUpsideDown UIInterfaceOrientationLandscapeLeft UIInterfaceOrientationLandscapeRight";
				INFOPLIST_KEY_UISupportedInterfaceOrientations_iPhone = "UIInterfaceOrientationPortrait UIInterfaceOrientationLandscapeLeft UIInterfaceOrientationLandscapeRight";
				IPHONEOS_DEPLOYMENT_TARGET = 15.1;
				LD_RUNPATH_SEARCH_PATHS = (
					"$(inherited)",
					"@executable_path/Frameworks",
				);
				MARKETING_VERSION = 1.0;
				PRODUCT_BUNDLE_IDENTIFIER = ljustint.Pokedex;
				PRODUCT_NAME = "$(TARGET_NAME)";
				SWIFT_EMIT_LOC_STRINGS = YES;
				SWIFT_VERSION = 4.0;
				TARGETED_DEVICE_FAMILY = "1,2";
			};
			name = Release;
		};
/* End XCBuildConfiguration section */

/* Begin XCConfigurationList section */
		D0623D092770265D004D29B8 /* Build configuration list for PBXProject "Pokedex" */ = {
			isa = XCConfigurationList;
			buildConfigurations = (
				D0623D2027702666004D29B8 /* Debug */,
				D0623D2127702666004D29B8 /* Release */,
			);
			defaultConfigurationIsVisible = 0;
			defaultConfigurationName = Release;
		};
		D0623D2227702666004D29B8 /* Build configuration list for PBXNativeTarget "Pokedex" */ = {
			isa = XCConfigurationList;
			buildConfigurations = (
				D0623D2327702666004D29B8 /* Debug */,
				D0623D2427702666004D29B8 /* Release */,
			);
			defaultConfigurationIsVisible = 0;
			defaultConfigurationName = Release;
		};
/* End XCConfigurationList section */
	};
	rootObject = D0623D062770265D004D29B8 /* Project object */;
}
